# This file is automatically @generated by Cargo.
# It is not intended for manual editing.
version = 4

[[package]]
name = "cc"
version = "1.0.90"
source = "registry+https://github.com/rust-lang/crates.io-index"
checksum = "8cd6604a82acf3039f1144f54b8eb34e91ffba622051189e71b781822d5ee1f5"

[[package]]
name = "tree-sitter-beancount"
version = "0.0.1"
dependencies = [
 "cc",
 "tree-sitter-language",
]

[[package]]
name = "tree-sitter-language"
version = "0.1.4"
source = "registry+https://github.com/rust-lang/crates.io-index"
checksum = "38eee4db33814de3d004de9d8d825627ed3320d0989cce0dea30efaf5be4736c"
