{
  "name": "tree-sitter-beancount",
  "version": "0.0.1",
  "lockfileVersion": 1,
  "requires": true,
  "dependencies": {
    "prettier": {
      "version": "2.0.4",
      "resolved": "https://registry.npmjs.org/prettier/-/prettier-2.0.4.tgz",
      "integrity": "sha512-SVJIQ51spzFDvh4fIbCLvciiDMCrRhlN3mbZvv/+ycjvmF5E73bKdGfU8QDLNmjYJf+lsGnDBC4UUnvTe5OO0w==",
      "dev": true
    },
    "tree-sitter-cli": {
      "version": "0.16.7",
      "resolved": "https://registry.npmjs.org/tree-sitter-cli/-/tree-sitter-cli-0.16.7.tgz",
      "integrity": "sha512-nupMLwveMlOCni7VoenQb02h0tBZvX1wpXW5r5hRKpliOQO/Mvau+X1Ug1hvYlnCGgqPQqYFIOoumT87nJBkhA==",
      "dev": true
    }
  }
}
