{
  "name": "tree-sitter-beancount",
  "version": "0.0.1",
  "lockfileVersion": 1,
  "requires": true,
  "dependencies": {
    "prettier": {
      "version": "2.0.4",
      "resolved": "https://registry.npmjs.org/prettier/-/prettier-2.0.4.tgz",
      "integrity": "sha512-SVJIQ51spzFDvh4fIbCLvciiDMCrRhlN3mbZvv/+ycjvmF5E73bKdGfU8QDLNmjYJf+lsGnDBC4UUnvTe5OO0w==",
      "dev": true
    },
    "tree-sitter-cli": {
      "version": "0.16.5",
      "resolved": "https://registry.npmjs.org/tree-sitter-cli/-/tree-sitter-cli-0.16.5.tgz",
      "integrity": "sha512-758kas02AmfLdjsyIlsAMuSmsWpwNFu7ljTcffPxt2Lm00pV+0TW6xFjZCI9MYurB3ghTFjv/hLeRyb3IzJH4Q==",
      "dev": true
    }
  }
}
